
Microsoft Visual Studio Solution File, Format Version 12.00
# Visual Studio Version 16
VisualStudioVersion = 16.0.31729.503
MinimumVisualStudioVersion = 10.0.40219.1
Project("{9A19103F-16F7-4668-BE54-9A1E7A4F7556}") = "FizzBuzzApi", "FizzBuzzApi\FizzBuzzApi.csproj", "{5401E0F7-A8CF-4438-9E31-818A1DAD15C4}"
EndProject
Project("{FAE04EC0-301F-11D3-BF4B-00C04F79EFBC}") = "FizzBuzzTests", "FizzBuzzTests\FizzBuzzTests.csproj", "{F92E8AF7-4F4D-4238-B686-161C5B443E9D}"
EndProject
Global
	GlobalSection(SolutionConfigurationPlatforms) = preSolution
		Debug|Any CPU = Debug|Any CPU
		Release|Any CPU = Release|Any CPU
	EndGlobalSection
	GlobalSection(ProjectConfigurationPlatforms) = postSolution
		{5401E0F7-A8CF-4438-9E31-818A1DAD15C4}.Debug|Any CPU.ActiveCfg = Debug|Any CPU
		{5401E0F7-A8CF-4438-9E31-818A1DAD15C4}.Debug|Any CPU.Build.0 = Debug|Any CPU
		{5401E0F7-A8CF-4438-9E31-818A1DAD15C4}.Release|Any CPU.ActiveCfg = Release|Any CPU
		{5401E0F7-A8CF-4438-9E31-818A1DAD15C4}.Release|Any CPU.Build.0 = Release|Any CPU
		{F92E8AF7-4F4D-4238-B686-161C5B443E9D}.Debug|Any CPU.ActiveCfg = Debug|Any CPU
		{F92E8AF7-4F4D-4238-B686-161C5B443E9D}.Debug|Any CPU.Build.0 = Debug|Any CPU
		{F92E8AF7-4F4D-4238-B686-161C5B443E9D}.Release|Any CPU.ActiveCfg = Release|Any CPU
		{F92E8AF7-4F4D-4238-B686-161C5B443E9D}.Release|Any CPU.Build.0 = Release|Any CPU
	EndGlobalSection
	GlobalSection(SolutionProperties) = preSolution
		HideSolutionNode = FALSE
	EndGlobalSection
	GlobalSection(ExtensibilityGlobals) = postSolution
		SolutionGuid = {6F75AE9D-AD09-4A3C-8962-FD72B54A5A3F}
	EndGlobalSection
EndGlobal
